
Microsoft Visual Studio Solution File, Format Version 11.00
# Visual Studio 2010
Project("{FAE04EC0-301F-11D3-BF4B-00C04F79EFBC}") = "ConsoleInscrits", "ConsoleApplication1\ConsoleInscrits.csproj", "{F8317D0C-0B62-4054-BA63-2DB33447DF4D}"
	ProjectSection(ProjectDependencies) = postProject
		{DC82A65F-757B-4D9F-B8FD-DD24FF0602F6} = {DC82A65F-757B-4D9F-B8FD-DD24FF0602F6}
	EndProjectSection
EndProject
Project("{E24C65DC-7377-472B-9ABA-BC803B73C61A}") = "WebSite4", "..\..\WebSites\WebSite4\", "{DC82A65F-757B-4D9F-B8FD-DD24FF0602F6}"
	ProjectSection(WebsiteProperties) = preProject
		TargetFrameworkMoniker = ".NETFramework,Version%3Dv3.5"
		Debug.AspNetCompiler.VirtualPath = "/WebSite4"
		Debug.AspNetCompiler.PhysicalPath = "..\..\WebSites\WebSite4\"
		Debug.AspNetCompiler.TargetPath = "PrecompiledWeb\WebSite4\"
		Debug.AspNetCompiler.Updateable = "true"
		Debug.AspNetCompiler.ForceOverwrite = "true"
		Debug.AspNetCompiler.FixedNames = "false"
		Debug.AspNetCompiler.Debug = "True"
		Release.AspNetCompiler.VirtualPath = "/WebSite4"
		Release.AspNetCompiler.PhysicalPath = "..\..\WebSites\WebSite4\"
		Release.AspNetCompiler.TargetPath = "PrecompiledWeb\WebSite4\"
		Release.AspNetCompiler.Updateable = "true"
		Release.AspNetCompiler.ForceOverwrite = "true"
		Release.AspNetCompiler.FixedNames = "false"
		Release.AspNetCompiler.Debug = "False"
		VWDPort = "11109"
		DefaultWebSiteLanguage = "Visual C#"
	EndProjectSection
EndProject
Project("{FAE04EC0-301F-11D3-BF4B-00C04F79EFBC}") = "ConsoleBibliothecaire", "ConsoleBibliothecaire\ConsoleBibliothecaire.csproj", "{398D8110-7164-43DF-B7E6-9AF387428E7A}"
	ProjectSection(ProjectDependencies) = postProject
		{DC82A65F-757B-4D9F-B8FD-DD24FF0602F6} = {DC82A65F-757B-4D9F-B8FD-DD24FF0602F6}
	EndProjectSection
EndProject
Global
	GlobalSection(SolutionConfigurationPlatforms) = preSolution
		Debug|Any CPU = Debug|Any CPU
		Debug|Mixed Platforms = Debug|Mixed Platforms
		Debug|x86 = Debug|x86
		Release|Any CPU = Release|Any CPU
		Release|Mixed Platforms = Release|Mixed Platforms
		Release|x86 = Release|x86
	EndGlobalSection
	GlobalSection(ProjectConfigurationPlatforms) = postSolution
		{F8317D0C-0B62-4054-BA63-2DB33447DF4D}.Debug|Any CPU.ActiveCfg = Debug|x86
		{F8317D0C-0B62-4054-BA63-2DB33447DF4D}.Debug|Mixed Platforms.ActiveCfg = Debug|x86
		{F8317D0C-0B62-4054-BA63-2DB33447DF4D}.Debug|Mixed Platforms.Build.0 = Debug|x86
		{F8317D0C-0B62-4054-BA63-2DB33447DF4D}.Debug|x86.ActiveCfg = Debug|x86
		{F8317D0C-0B62-4054-BA63-2DB33447DF4D}.Debug|x86.Build.0 = Debug|x86
		{F8317D0C-0B62-4054-BA63-2DB33447DF4D}.Release|Any CPU.ActiveCfg = Release|x86
		{F8317D0C-0B62-4054-BA63-2DB33447DF4D}.Release|Mixed Platforms.ActiveCfg = Release|x86
		{F8317D0C-0B62-4054-BA63-2DB33447DF4D}.Release|Mixed Platforms.Build.0 = Release|x86
		{F8317D0C-0B62-4054-BA63-2DB33447DF4D}.Release|x86.ActiveCfg = Release|x86
		{F8317D0C-0B62-4054-BA63-2DB33447DF4D}.Release|x86.Build.0 = Release|x86
		{DC82A65F-757B-4D9F-B8FD-DD24FF0602F6}.Debug|Any CPU.ActiveCfg = Debug|Any CPU
		{DC82A65F-757B-4D9F-B8FD-DD24FF0602F6}.Debug|Any CPU.Build.0 = Debug|Any CPU
		{DC82A65F-757B-4D9F-B8FD-DD24FF0602F6}.Debug|Mixed Platforms.ActiveCfg = Debug|Any CPU
		{DC82A65F-757B-4D9F-B8FD-DD24FF0602F6}.Debug|Mixed Platforms.Build.0 = Debug|Any CPU
		{DC82A65F-757B-4D9F-B8FD-DD24FF0602F6}.Debug|x86.ActiveCfg = Debug|Any CPU
		{DC82A65F-757B-4D9F-B8FD-DD24FF0602F6}.Release|Any CPU.ActiveCfg = Debug|Any CPU
		{DC82A65F-757B-4D9F-B8FD-DD24FF0602F6}.Release|Any CPU.Build.0 = Debug|Any CPU
		{DC82A65F-757B-4D9F-B8FD-DD24FF0602F6}.Release|Mixed Platforms.ActiveCfg = Debug|Any CPU
		{DC82A65F-757B-4D9F-B8FD-DD24FF0602F6}.Release|Mixed Platforms.Build.0 = Debug|Any CPU
		{DC82A65F-757B-4D9F-B8FD-DD24FF0602F6}.Release|x86.ActiveCfg = Debug|Any CPU
		{398D8110-7164-43DF-B7E6-9AF387428E7A}.Debug|Any CPU.ActiveCfg = Debug|x86
		{398D8110-7164-43DF-B7E6-9AF387428E7A}.Debug|Mixed Platforms.ActiveCfg = Debug|x86
		{398D8110-7164-43DF-B7E6-9AF387428E7A}.Debug|Mixed Platforms.Build.0 = Debug|x86
		{398D8110-7164-43DF-B7E6-9AF387428E7A}.Debug|x86.ActiveCfg = Debug|x86
		{398D8110-7164-43DF-B7E6-9AF387428E7A}.Debug|x86.Build.0 = Debug|x86
		{398D8110-7164-43DF-B7E6-9AF387428E7A}.Release|Any CPU.ActiveCfg = Release|x86
		{398D8110-7164-43DF-B7E6-9AF387428E7A}.Release|Mixed Platforms.ActiveCfg = Release|x86
		{398D8110-7164-43DF-B7E6-9AF387428E7A}.Release|Mixed Platforms.Build.0 = Release|x86
		{398D8110-7164-43DF-B7E6-9AF387428E7A}.Release|x86.ActiveCfg = Release|x86
		{398D8110-7164-43DF-B7E6-9AF387428E7A}.Release|x86.Build.0 = Release|x86
	EndGlobalSection
	GlobalSection(SolutionProperties) = preSolution
		HideSolutionNode = FALSE
	EndGlobalSection
EndGlobal
